
Microsoft Visual Studio Solution File, Format Version 12.00
# Visual Studio 15
VisualStudioVersion = 15.0.28307.572
MinimumVisualStudioVersion = 10.0.40219.1
Project("{8BC9CEB8-8B4A-11D0-8D11-00A0C91BC942}") = "Project16", "Project16\Project16.vcxproj", "{CDA80BE6-FFCD-4AF7-85C5-9FD8A44E6962}"
EndProject
Global
	GlobalSection(SolutionConfigurationPlatforms) = preSolution
		Debug|x64 = Debug|x64
		Debug|x86 = Debug|x86
		Release|x64 = Release|x64
		Release|x86 = Release|x86
	EndGlobalSection
	GlobalSection(ProjectConfigurationPlatforms) = postSolution
		{CDA80BE6-FFCD-4AF7-85C5-9FD8A44E6962}.Debug|x64.ActiveCfg = Debug|x64
		{CDA80BE6-FFCD-4AF7-85C5-9FD8A44E6962}.Debug|x64.Build.0 = Debug|x64
		{CDA80BE6-FFCD-4AF7-85C5-9FD8A44E6962}.Debug|x86.ActiveCfg = Debug|Win32
		{CDA80BE6-FFCD-4AF7-85C5-9FD8A44E6962}.Debug|x86.Build.0 = Debug|Win32
		{CDA80BE6-FFCD-4AF7-85C5-9FD8A44E6962}.Release|x64.ActiveCfg = Release|x64
		{CDA80BE6-FFCD-4AF7-85C5-9FD8A44E6962}.Release|x64.Build.0 = Release|x64
		{CDA80BE6-FFCD-4AF7-85C5-9FD8A44E6962}.Release|x86.ActiveCfg = Release|Win32
		{CDA80BE6-FFCD-4AF7-85C5-9FD8A44E6962}.Release|x86.Build.0 = Release|Win32
	EndGlobalSection
	GlobalSection(SolutionProperties) = preSolution
		HideSolutionNode = FALSE
	EndGlobalSection
	GlobalSection(ExtensibilityGlobals) = postSolution
		SolutionGuid = {047476C7-2D1D-44D1-A6CA-489629BA8F7D}
	EndGlobalSection
EndGlobal
